// !$*UTF8*$!
{
	archiveVersion = 1;
	classes = {
	};
	objectVersion = 46;
	objects = {

/* Begin PBXBuildFile section */
		F5057E361E72ACDA00B5A01E /* piParallel.c in Sources */ = {isa = PBXBuildFile; fileRef = F5057E351E72ACDA00B5A01E /* piParallel.c */; settings = {COMPILER_FLAGS = "-fopenmp"; }; };
		F5057E3D1E72B84C00B5A01E /* matmul.c in Sources */ = {isa = PBXBuildFile; fileRef = F5057E3C1E72B84C00B5A01E /* matmul.c */; };
/* End PBXBuildFile section */

/* Begin PBXCopyFilesBuildPhase section */
		F5057E301E72ACDA00B5A01E /* CopyFiles */ = {
			isa = PBXCopyFilesBuildPhase;
			buildActionMask = 2147483647;
			dstPath = /usr/share/man/man1/;
			dstSubfolderSpec = 0;
			files = (
			);
			runOnlyForDeploymentPostprocessing = 1;
		};
/* End PBXCopyFilesBuildPhase section */

/* Begin PBXFileReference section */
		F5057E321E72ACDA00B5A01E /* assignment4 */ = {isa = PBXFileReference; explicitFileType = "compiled.mach-o.executable"; includeInIndex = 0; path = assignment4; sourceTree = BUILT_PRODUCTS_DIR; };
		F5057E351E72ACDA00B5A01E /* piParallel.c */ = {isa = PBXFileReference; lastKnownFileType = sourcecode.c.c; path = piParallel.c; sourceTree = "<group>"; };
		F5057E3C1E72B84C00B5A01E /* matmul.c */ = {isa = PBXFileReference; fileEncoding = 4; lastKnownFileType = sourcecode.c.c; path = matmul.c; sourceTree = "<group>"; };
/* End PBXFileReference section */

/* Begin PBXFrameworksBuildPhase section */
		F5057E2F1E72ACDA00B5A01E /* Frameworks */ = {
			isa = PBXFrameworksBuildPhase;
			buildActionMask = 2147483647;
			files = (
			);
			runOnlyForDeploymentPostprocessing = 0;
		};
/* End PBXFrameworksBuildPhase section */

/* Begin PBXGroup section */
		F5057E291E72ACDA00B5A01E = {
			isa = PBXGroup;
			children = (
				F5057E341E72ACDA00B5A01E /* assignment4 */,
				F5057E331E72ACDA00B5A01E /* Products */,
			);
			sourceTree = "<group>";
		};
		F5057E331E72ACDA00B5A01E /* Products */ = {
			isa = PBXGroup;
			children = (
				F5057E321E72ACDA00B5A01E /* assignment4 */,
			);
			name = Products;
			sourceTree = "<group>";
		};
		F5057E341E72ACDA00B5A01E /* assignment4 */ = {
			isa = PBXGroup;
			children = (
				F5057E3C1E72B84C00B5A01E /* matmul.c */,
				F5057E351E72ACDA00B5A01E /* piParallel.c */,
			);
			path = assignment4;
			sourceTree = "<group>";
		};
/* End PBXGroup section */

/* Begin PBXNativeTarget section */
		F5057E311E72ACDA00B5A01E /* assignment4 */ = {
			isa = PBXNativeTarget;
			buildConfigurationList = F5057E391E72ACDA00B5A01E /* Build configuration list for PBXNativeTarget "assignment4" */;
			buildPhases = (
				F5057E2E1E72ACDA00B5A01E /* Sources */,
				F5057E2F1E72ACDA00B5A01E /* Frameworks */,
				F5057E301E72ACDA00B5A01E /* CopyFiles */,
			);
			buildRules = (
			);
			dependencies = (
			);
			name = assignment4;
			productName = assignment4;
			productReference = F5057E321E72ACDA00B5A01E /* assignment4 */;
			productType = "com.apple.product-type.tool";
		};
/* End PBXNativeTarget section */

/* Begin PBXProject section */
		F5057E2A1E72ACDA00B5A01E /* Project object */ = {
			isa = PBXProject;
			attributes = {
				LastUpgradeCheck = 0810;
				ORGANIZATIONNAME = "Trent Callan";
				TargetAttributes = {
					F5057E311E72ACDA00B5A01E = {
						CreatedOnToolsVersion = 8.1;
						DevelopmentTeam = G7KZQ2SCPA;
						ProvisioningStyle = Automatic;
					};
				};
			};
			buildConfigurationList = F5057E2D1E72ACDA00B5A01E /* Build configuration list for PBXProject "assignment4" */;
			compatibilityVersion = "Xcode 3.2";
			developmentRegion = English;
			hasScannedForEncodings = 0;
			knownRegions = (
				en,
			);
			mainGroup = F5057E291E72ACDA00B5A01E;
			productRefGroup = F5057E331E72ACDA00B5A01E /* Products */;
			projectDirPath = "";
			projectRoot = "";
			targets = (
				F5057E311E72ACDA00B5A01E /* assignment4 */,
			);
		};
/* End PBXProject section */

/* Begin PBXSourcesBuildPhase section */
		F5057E2E1E72ACDA00B5A01E /* Sources */ = {
			isa = PBXSourcesBuildPhase;
			buildActionMask = 2147483647;
			files = (
				F5057E361E72ACDA00B5A01E /* piParallel.c in Sources */,
				F5057E3D1E72B84C00B5A01E /* matmul.c in Sources */,
			);
			runOnlyForDeploymentPostprocessing = 0;
		};
/* End PBXSourcesBuildPhase section */

/* Begin XCBuildConfiguration section */
		F5057E371E72ACDA00B5A01E /* Debug */ = {
			isa = XCBuildConfiguration;
			buildSettings = {
				ALWAYS_SEARCH_USER_PATHS = NO;
				CLANG_ANALYZER_NONNULL = YES;
				CLANG_CXX_LANGUAGE_STANDARD = "gnu++0x";
				CLANG_CXX_LIBRARY = "libc++";
				CLANG_ENABLE_MODULES = YES;
				CLANG_ENABLE_OBJC_ARC = YES;
				CLANG_WARN_BOOL_CONVERSION = YES;
				CLANG_WARN_CONSTANT_CONVERSION = YES;
				CLANG_WARN_DIRECT_OBJC_ISA_USAGE = YES_ERROR;
				CLANG_WARN_DOCUMENTATION_COMMENTS = YES;
				CLANG_WARN_EMPTY_BODY = YES;
				CLANG_WARN_ENUM_CONVERSION = YES;
				CLANG_WARN_INFINITE_RECURSION = YES;
				CLANG_WARN_INT_CONVERSION = YES;
				CLANG_WARN_OBJC_ROOT_CLASS = YES_ERROR;
				CLANG_WARN_SUSPICIOUS_MOVES = YES;
				CLANG_WARN_UNREACHABLE_CODE = YES;
				CLANG_WARN__DUPLICATE_METHOD_MATCH = YES;
				CODE_SIGN_IDENTITY = "-";
				COPY_PHASE_STRIP = NO;
				DEBUG_INFORMATION_FORMAT = dwarf;
				ENABLE_STRICT_OBJC_MSGSEND = YES;
				ENABLE_TESTABILITY = YES;
				GCC_C_LANGUAGE_STANDARD = gnu99;
				GCC_DYNAMIC_NO_PIC = NO;
				GCC_NO_COMMON_BLOCKS = YES;
				GCC_OPTIMIZATION_LEVEL = 0;
				GCC_PREPROCESSOR_DEFINITIONS = (
					"DEBUG=1",
					"$(inherited)",
				);
				GCC_WARN_64_TO_32_BIT_CONVERSION = YES;
				GCC_WARN_ABOUT_RETURN_TYPE = YES_ERROR;
				GCC_WARN_UNDECLARED_SELECTOR = YES;
				GCC_WARN_UNINITIALIZED_AUTOS = YES_AGGRESSIVE;
				GCC_WARN_UNUSED_FUNCTION = YES;
				GCC_WARN_UNUSED_VARIABLE = YES;
				MACOSX_DEPLOYMENT_TARGET = 10.12;
				MTL_ENABLE_DEBUG_INFO = YES;
				ONLY_ACTIVE_ARCH = YES;
				SDKROOT = macosx;
			};
			name = Debug;
		};
		F5057E381E72ACDA00B5A01E /* Release */ = {
			isa = XCBuildConfiguration;
			buildSettings = {
				ALWAYS_SEARCH_USER_PATHS = NO;
				CLANG_ANALYZER_NONNULL = YES;
				CLANG_CXX_LANGUAGE_STANDARD = "gnu++0x";
				CLANG_CXX_LIBRARY = "libc++";
				CLANG_ENABLE_MODULES = YES;
				CLANG_ENABLE_OBJC_ARC = YES;
				CLANG_WARN_BOOL_CONVERSION = YES;
				CLANG_WARN_CONSTANT_CONVERSION = YES;
				CLANG_WARN_DIRECT_OBJC_ISA_USAGE = YES_ERROR;
				CLANG_WARN_DOCUMENTATION_COMMENTS = YES;
				CLANG_WARN_EMPTY_BODY = YES;
				CLANG_WARN_ENUM_CONVERSION = YES;
				CLANG_WARN_INFINITE_RECURSION = YES;
				CLANG_WARN_INT_CONVERSION = YES;
				CLANG_WARN_OBJC_ROOT_CLASS = YES_ERROR;
				CLANG_WARN_SUSPICIOUS_MOVES = YES;
				CLANG_WARN_UNREACHABLE_CODE = YES;
				CLANG_WARN__DUPLICATE_METHOD_MATCH = YES;
				CODE_SIGN_IDENTITY = "-";
				COPY_PHASE_STRIP = NO;
				DEBUG_INFORMATION_FORMAT = "dwarf-with-dsym";
				ENABLE_NS_ASSERTIONS = NO;
				ENABLE_STRICT_OBJC_MSGSEND = YES;
				GCC_C_LANGUAGE_STANDARD = gnu99;
				GCC_NO_COMMON_BLOCKS = YES;
				GCC_WARN_64_TO_32_BIT_CONVERSION = YES;
				GCC_WARN_ABOUT_RETURN_TYPE = YES_ERROR;
				GCC_WARN_UNDECLARED_SELECTOR = YES;
				GCC_WARN_UNINITIALIZED_AUTOS = YES_AGGRESSIVE;
				GCC_WARN_UNUSED_FUNCTION = YES;
				GCC_WARN_UNUSED_VARIABLE = YES;
				MACOSX_DEPLOYMENT_TARGET = 10.12;
				MTL_ENABLE_DEBUG_INFO = NO;
				SDKROOT = macosx;
			};
			name = Release;
		};
		F5057E3A1E72ACDA00B5A01E /* Debug */ = {
			isa = XCBuildConfiguration;
			buildSettings = {
				DEVELOPMENT_TEAM = G7KZQ2SCPA;
				PRODUCT_NAME = "$(TARGET_NAME)";
			};
			name = Debug;
		};
		F5057E3B1E72ACDA00B5A01E /* Release */ = {
			isa = XCBuildConfiguration;
			buildSettings = {
				DEVELOPMENT_TEAM = G7KZQ2SCPA;
				PRODUCT_NAME = "$(TARGET_NAME)";
			};
			name = Release;
		};
/* End XCBuildConfiguration section */

/* Begin XCConfigurationList section */
		F5057E2D1E72ACDA00B5A01E /* Build configuration list for PBXProject "assignment4" */ = {
			isa = XCConfigurationList;
			buildConfigurations = (
				F5057E371E72ACDA00B5A01E /* Debug */,
				F5057E381E72ACDA00B5A01E /* Release */,
			);
			defaultConfigurationIsVisible = 0;
			defaultConfigurationName = Release;
		};
		F5057E391E72ACDA00B5A01E /* Build configuration list for PBXNativeTarget "assignment4" */ = {
			isa = XCConfigurationList;
			buildConfigurations = (
				F5057E3A1E72ACDA00B5A01E /* Debug */,
				F5057E3B1E72ACDA00B5A01E /* Release */,
			);
			defaultConfigurationIsVisible = 0;
		};
/* End XCConfigurationList section */
	};
	rootObject = F5057E2A1E72ACDA00B5A01E /* Project object */;
}
